
Microsoft Visual Studio Solution File, Format Version 12.00
# Visual Studio 15
VisualStudioVersion = 15.0.26730.12
MinimumVisualStudioVersion = 10.0.40219.1
Project("{FAE04EC0-301F-11D3-BF4B-00C04F79EFBC}") = "Syncromatics.Client.Marta.Api", "src\Syncromatics.Client.Marta.Api\Syncromatics.Client.Marta.Api.csproj", "{78FBEFF2-6958-4365-8A04-E200FCA3EB75}"
EndProject
Project("{2150E333-8FDC-42A3-9474-1A3956D46DE8}") = "src", "src", "{6E5F55A4-221D-4EDE-A176-21A586CFDA0E}"
EndProject
Project("{2150E333-8FDC-42A3-9474-1A3956D46DE8}") = "tests", "tests", "{7C50C78C-09AE-4F76-AB3D-3D39CAD3BD50}"
EndProject
Project("{FAE04EC0-301F-11D3-BF4B-00C04F79EFBC}") = "Syncromatics.Client.Marta.Api.Tests", "tests\Syncromatics.Client.Marta.Api.Tests\Syncromatics.Client.Marta.Api.Tests.csproj", "{55EE105B-EAA6-4134-96C1-61765844C0F1}"
EndProject
Global
	GlobalSection(SolutionConfigurationPlatforms) = preSolution
		Debug|Any CPU = Debug|Any CPU
		Release|Any CPU = Release|Any CPU
	EndGlobalSection
	GlobalSection(ProjectConfigurationPlatforms) = postSolution
		{78FBEFF2-6958-4365-8A04-E200FCA3EB75}.Debug|Any CPU.ActiveCfg = Debug|Any CPU
		{78FBEFF2-6958-4365-8A04-E200FCA3EB75}.Debug|Any CPU.Build.0 = Debug|Any CPU
		{78FBEFF2-6958-4365-8A04-E200FCA3EB75}.Release|Any CPU.ActiveCfg = Release|Any CPU
		{78FBEFF2-6958-4365-8A04-E200FCA3EB75}.Release|Any CPU.Build.0 = Release|Any CPU
		{55EE105B-EAA6-4134-96C1-61765844C0F1}.Debug|Any CPU.ActiveCfg = Debug|Any CPU
		{55EE105B-EAA6-4134-96C1-61765844C0F1}.Debug|Any CPU.Build.0 = Debug|Any CPU
		{55EE105B-EAA6-4134-96C1-61765844C0F1}.Release|Any CPU.ActiveCfg = Release|Any CPU
		{55EE105B-EAA6-4134-96C1-61765844C0F1}.Release|Any CPU.Build.0 = Release|Any CPU
	EndGlobalSection
	GlobalSection(SolutionProperties) = preSolution
		HideSolutionNode = FALSE
	EndGlobalSection
	GlobalSection(NestedProjects) = preSolution
		{78FBEFF2-6958-4365-8A04-E200FCA3EB75} = {6E5F55A4-221D-4EDE-A176-21A586CFDA0E}
		{55EE105B-EAA6-4134-96C1-61765844C0F1} = {7C50C78C-09AE-4F76-AB3D-3D39CAD3BD50}
	EndGlobalSection
	GlobalSection(ExtensibilityGlobals) = postSolution
		SolutionGuid = {BF745ECC-EEC9-4439-8832-22F82E707683}
	EndGlobalSection
EndGlobal
